{
  "name": "vtalk",
  "version": "1.0.0",
  "lockfileVersion": 3,
  "requires": true,
  "packages": {
    "": {
      "name": "vtalk",
      "version": "1.0.0",
      "dependencies": {
        "@hotwired/hotwire-native-bridge": "^1.2.2",
        "tailwindcss": "^4.3.2"
      }
    },
    "node_modules/@hotwired/hotwire-native-bridge": {
      "version": "1.2.2",
      "resolved": "https://registry.npmjs.org/@hotwired/hotwire-native-bridge/-/hotwire-native-bridge-1.2.2.tgz",
      "integrity": "sha512-P74kFtXjpY1wV/YneZBOrWJmddLGiKBRj73JB1UgUEOfsM69xpGJbwY0sotFyJgevs2YrBgP9yDNw/uEica2VQ==",
      "license": "MIT",
      "peerDependencies": {
        "@hotwired/stimulus": "^3.2.2"
      }
    },
    "node_modules/@hotwired/stimulus": {
      "version": "3.2.2",
      "resolved": "https://registry.npmjs.org/@hotwired/stimulus/-/stimulus-3.2.2.tgz",
      "integrity": "sha512-eGeIqNOQpXoPAIP7tC1+1Yc1yl1xnwYqg+3mzqxyrbE5pg5YFBZcA6YoTiByJB6DKAEsiWtl6tjTJS4IYtbB7A==",
      "license": "MIT",
      "peer": true
    },
    "node_modules/tailwindcss": {
      "version": "4.3.2",
      "resolved": "https://registry.npmjs.org/tailwindcss/-/tailwindcss-4.3.2.tgz",
      "integrity": "sha512-WtctNNSH8A9jlMIqxzuYumOHU5uGZyRv0Q5svQl+oEPy5w84YpBxdb7MdqyiSPQge5jTJ6zFQLq0PFygdccSBA==",
      "license": "MIT"
    }
  }
}
